
Microsoft Visual Studio Solution File, Format Version 12.00
# Visual Studio Version 17
VisualStudioVersion = 17.9.34714.143
MinimumVisualStudioVersion = 10.0.40219.1
Project("{FAE04EC0-301F-11D3-BF4B-00C04F79EFBC}") = "MainApp", "MainApp\MainApp.csproj", "{27CBC8B7-BF0C-4FF4-BE62-F1628FFD735E}"
EndProject
Global
	GlobalSection(SolutionConfigurationPlatforms) = preSolution
		Debug|Any CPU = Debug|Any CPU
		Release|Any CPU = Release|Any CPU
	EndGlobalSection
	GlobalSection(ProjectConfigurationPlatforms) = postSolution
		{27CBC8B7-BF0C-4FF4-BE62-F1628FFD735E}.Debug|Any CPU.ActiveCfg = Debug|Any CPU
		{27CBC8B7-BF0C-4FF4-BE62-F1628FFD735E}.Debug|Any CPU.Build.0 = Debug|Any CPU
		{27CBC8B7-BF0C-4FF4-BE62-F1628FFD735E}.Release|Any CPU.ActiveCfg = Release|Any CPU
		{27CBC8B7-BF0C-4FF4-BE62-F1628FFD735E}.Release|Any CPU.Build.0 = Release|Any CPU
	EndGlobalSection
	GlobalSection(SolutionProperties) = preSolution
		HideSolutionNode = FALSE
	EndGlobalSection
	GlobalSection(ExtensibilityGlobals) = postSolution
		SolutionGuid = {65910F9F-23A2-4F6A-94D2-9870C4836AA9}
	EndGlobalSection
EndGlobal
